
Microsoft Visual Studio Solution File, Format Version 12.00
# Visual Studio Version 17
VisualStudioVersion = 17.3.32929.385
MinimumVisualStudioVersion = 10.0.40219.1
Project("{9A19103F-16F7-4668-BE54-9A1E7A4F7556}") = "CardStorageService", "CardStorageService\CardStorageService.csproj", "{15441F6E-4947-417C-88D9-4D4C4C51DEF5}"
EndProject
Project("{9A19103F-16F7-4668-BE54-9A1E7A4F7556}") = "CardStorageService.Data", "CardStorageService.Data\CardStorageService.Data.csproj", "{2C014608-3716-42DF-B22D-8D9301FDE811}"
EndProject
Project("{9A19103F-16F7-4668-BE54-9A1E7A4F7556}") = "CreateAccount", "CreateAccount\CreateAccount.csproj", "{D1820E44-3A70-4215-9C9C-228B0C929224}"
EndProject
Project("{9A19103F-16F7-4668-BE54-9A1E7A4F7556}") = "ServiceUtils", "ServiceUtils\ServiceUtils.csproj", "{AC7C034E-B187-4A8F-A318-C1F52ACB4DCC}"
EndProject
Project("{9A19103F-16F7-4668-BE54-9A1E7A4F7556}") = "GenerateDatabaseConnectionString", "GenerateDatabseConnectionString\GenerateDatabaseConnectionString.csproj", "{082CC1F8-4C6B-4D9A-8500-3C0C3CEA13AB}"
EndProject
Project("{9A19103F-16F7-4668-BE54-9A1E7A4F7556}") = "Patterns", "Patterns\Patterns.csproj", "{3D118EF2-AFD0-47B0-8873-4EAF54625084}"
EndProject
Project("{FAE04EC0-301F-11D3-BF4B-00C04F79EFBC}") = "BooksCatalogService", "BooksCatalogService\BooksCatalogService.csproj", "{E1BB76E9-4197-4D56-B2F0-93D1AF907D18}"
EndProject
Global
	GlobalSection(SolutionConfigurationPlatforms) = preSolution
		Debug|Any CPU = Debug|Any CPU
		Release|Any CPU = Release|Any CPU
	EndGlobalSection
	GlobalSection(ProjectConfigurationPlatforms) = postSolution
		{15441F6E-4947-417C-88D9-4D4C4C51DEF5}.Debug|Any CPU.ActiveCfg = Debug|Any CPU
		{15441F6E-4947-417C-88D9-4D4C4C51DEF5}.Debug|Any CPU.Build.0 = Debug|Any CPU
		{15441F6E-4947-417C-88D9-4D4C4C51DEF5}.Release|Any CPU.ActiveCfg = Release|Any CPU
		{15441F6E-4947-417C-88D9-4D4C4C51DEF5}.Release|Any CPU.Build.0 = Release|Any CPU
		{2C014608-3716-42DF-B22D-8D9301FDE811}.Debug|Any CPU.ActiveCfg = Debug|Any CPU
		{2C014608-3716-42DF-B22D-8D9301FDE811}.Debug|Any CPU.Build.0 = Debug|Any CPU
		{2C014608-3716-42DF-B22D-8D9301FDE811}.Release|Any CPU.ActiveCfg = Release|Any CPU
		{2C014608-3716-42DF-B22D-8D9301FDE811}.Release|Any CPU.Build.0 = Release|Any CPU
		{D1820E44-3A70-4215-9C9C-228B0C929224}.Debug|Any CPU.ActiveCfg = Debug|Any CPU
		{D1820E44-3A70-4215-9C9C-228B0C929224}.Debug|Any CPU.Build.0 = Debug|Any CPU
		{D1820E44-3A70-4215-9C9C-228B0C929224}.Release|Any CPU.ActiveCfg = Release|Any CPU
		{D1820E44-3A70-4215-9C9C-228B0C929224}.Release|Any CPU.Build.0 = Release|Any CPU
		{AC7C034E-B187-4A8F-A318-C1F52ACB4DCC}.Debug|Any CPU.ActiveCfg = Debug|Any CPU
		{AC7C034E-B187-4A8F-A318-C1F52ACB4DCC}.Debug|Any CPU.Build.0 = Debug|Any CPU
		{AC7C034E-B187-4A8F-A318-C1F52ACB4DCC}.Release|Any CPU.ActiveCfg = Release|Any CPU
		{AC7C034E-B187-4A8F-A318-C1F52ACB4DCC}.Release|Any CPU.Build.0 = Release|Any CPU
		{082CC1F8-4C6B-4D9A-8500-3C0C3CEA13AB}.Debug|Any CPU.ActiveCfg = Debug|Any CPU
		{082CC1F8-4C6B-4D9A-8500-3C0C3CEA13AB}.Debug|Any CPU.Build.0 = Debug|Any CPU
		{082CC1F8-4C6B-4D9A-8500-3C0C3CEA13AB}.Release|Any CPU.ActiveCfg = Release|Any CPU
		{082CC1F8-4C6B-4D9A-8500-3C0C3CEA13AB}.Release|Any CPU.Build.0 = Release|Any CPU
		{3D118EF2-AFD0-47B0-8873-4EAF54625084}.Debug|Any CPU.ActiveCfg = Debug|Any CPU
		{3D118EF2-AFD0-47B0-8873-4EAF54625084}.Debug|Any CPU.Build.0 = Debug|Any CPU
		{3D118EF2-AFD0-47B0-8873-4EAF54625084}.Release|Any CPU.ActiveCfg = Release|Any CPU
		{3D118EF2-AFD0-47B0-8873-4EAF54625084}.Release|Any CPU.Build.0 = Release|Any CPU
		{E1BB76E9-4197-4D56-B2F0-93D1AF907D18}.Debug|Any CPU.ActiveCfg = Debug|Any CPU
		{E1BB76E9-4197-4D56-B2F0-93D1AF907D18}.Debug|Any CPU.Build.0 = Debug|Any CPU
		{E1BB76E9-4197-4D56-B2F0-93D1AF907D18}.Release|Any CPU.ActiveCfg = Release|Any CPU
		{E1BB76E9-4197-4D56-B2F0-93D1AF907D18}.Release|Any CPU.Build.0 = Release|Any CPU
	EndGlobalSection
	GlobalSection(SolutionProperties) = preSolution
		HideSolutionNode = FALSE
	EndGlobalSection
	GlobalSection(ExtensibilityGlobals) = postSolution
		SolutionGuid = {E1FA0905-8222-481D-AC93-B58BB723249B}
	EndGlobalSection
EndGlobal
